
Microsoft Visual Studio Solution File, Format Version 12.00
# Visual Studio Version 17
VisualStudioVersion = 17.3.32819.101
MinimumVisualStudioVersion = 10.0.40219.1
Project("{FAE04EC0-301F-11D3-BF4B-00C04F79EFBC}") = "CatHub", "CatHub.csproj", "{35D4B5A7-39E4-423A-9B01-DCE61CE08D5B}"
EndProject
Global
	GlobalSection(SolutionConfigurationPlatforms) = preSolution
		Debug|Any CPU = Debug|Any CPU
		Release|Any CPU = Release|Any CPU
	EndGlobalSection
	GlobalSection(ProjectConfigurationPlatforms) = postSolution
		{35D4B5A7-39E4-423A-9B01-DCE61CE08D5B}.Debug|Any CPU.ActiveCfg = Debug|Any CPU
		{35D4B5A7-39E4-423A-9B01-DCE61CE08D5B}.Debug|Any CPU.Build.0 = Debug|Any CPU
		{35D4B5A7-39E4-423A-9B01-DCE61CE08D5B}.Release|Any CPU.ActiveCfg = Release|Any CPU
		{35D4B5A7-39E4-423A-9B01-DCE61CE08D5B}.Release|Any CPU.Build.0 = Release|Any CPU
	EndGlobalSection
	GlobalSection(SolutionProperties) = preSolution
		HideSolutionNode = FALSE
	EndGlobalSection
	GlobalSection(ExtensibilityGlobals) = postSolution
		SolutionGuid = {D44DCFBC-AEF9-416B-9D99-8B2AD6F4F953}
	EndGlobalSection
EndGlobal
